
Microsoft Visual Studio Solution File, Format Version 12.00
# Visual Studio Version 16
VisualStudioVersion = 16.0.31911.196
MinimumVisualStudioVersion = 10.0.40219.1
Project("{9A19103F-16F7-4668-BE54-9A1E7A4F7556}") = "MyBlog", "MyBlog\MyBlog.csproj", "{421DD7AA-AA93-4381-9239-7E1445904510}"
EndProject
Project("{9A19103F-16F7-4668-BE54-9A1E7A4F7556}") = "MyBlogDAL", "MyBlogDAL\MyBlogDAL.csproj", "{A0990EA0-2B5F-435E-B384-FAFA88D1F854}"
EndProject
Project("{9A19103F-16F7-4668-BE54-9A1E7A4F7556}") = "MyBlogBLL", "MyBlogBLL\MyBlogBLL.csproj", "{57CEBEB2-8D3E-4C18-94A2-8DA8B05C9BA8}"
EndProject
Global
	GlobalSection(SolutionConfigurationPlatforms) = preSolution
		Debug|Any CPU = Debug|Any CPU
		Release|Any CPU = Release|Any CPU
	EndGlobalSection
	GlobalSection(ProjectConfigurationPlatforms) = postSolution
		{421DD7AA-AA93-4381-9239-7E1445904510}.Debug|Any CPU.ActiveCfg = Debug|Any CPU
		{421DD7AA-AA93-4381-9239-7E1445904510}.Debug|Any CPU.Build.0 = Debug|Any CPU
		{421DD7AA-AA93-4381-9239-7E1445904510}.Release|Any CPU.ActiveCfg = Release|Any CPU
		{421DD7AA-AA93-4381-9239-7E1445904510}.Release|Any CPU.Build.0 = Release|Any CPU
		{A0990EA0-2B5F-435E-B384-FAFA88D1F854}.Debug|Any CPU.ActiveCfg = Debug|Any CPU
		{A0990EA0-2B5F-435E-B384-FAFA88D1F854}.Debug|Any CPU.Build.0 = Debug|Any CPU
		{A0990EA0-2B5F-435E-B384-FAFA88D1F854}.Release|Any CPU.ActiveCfg = Release|Any CPU
		{A0990EA0-2B5F-435E-B384-FAFA88D1F854}.Release|Any CPU.Build.0 = Release|Any CPU
		{57CEBEB2-8D3E-4C18-94A2-8DA8B05C9BA8}.Debug|Any CPU.ActiveCfg = Debug|Any CPU
		{57CEBEB2-8D3E-4C18-94A2-8DA8B05C9BA8}.Debug|Any CPU.Build.0 = Debug|Any CPU
		{57CEBEB2-8D3E-4C18-94A2-8DA8B05C9BA8}.Release|Any CPU.ActiveCfg = Release|Any CPU
		{57CEBEB2-8D3E-4C18-94A2-8DA8B05C9BA8}.Release|Any CPU.Build.0 = Release|Any CPU
	EndGlobalSection
	GlobalSection(SolutionProperties) = preSolution
		HideSolutionNode = FALSE
	EndGlobalSection
	GlobalSection(ExtensibilityGlobals) = postSolution
		SolutionGuid = {AD38C8C7-04D4-490D-B2B8-DD4471D31AFB}
	EndGlobalSection
EndGlobal
